
Microsoft Visual Studio Solution File, Format Version 12.00
# Visual Studio 15
VisualStudioVersion = 15.0.26430.4
MinimumVisualStudioVersion = 10.0.40219.1
Project("{9A19103F-16F7-4668-BE54-9A1E7A4F7556}") = "ML", "ML.csproj", "{1A1681D2-2D3D-4DD1-B47C-647E27CB1044}"
EndProject
Project("{9A19103F-16F7-4668-BE54-9A1E7A4F7556}") = "ML.Tests", "..\ML.Tests\ML.Tests.csproj", "{AF9114B4-5C38-450B-B999-4BE32F812510}"
EndProject
Global
	GlobalSection(SolutionConfigurationPlatforms) = preSolution
		Debug|Any CPU = Debug|Any CPU
		Release|Any CPU = Release|Any CPU
	EndGlobalSection
	GlobalSection(ProjectConfigurationPlatforms) = postSolution
		{1A1681D2-2D3D-4DD1-B47C-647E27CB1044}.Debug|Any CPU.ActiveCfg = Debug|Any CPU
		{1A1681D2-2D3D-4DD1-B47C-647E27CB1044}.Debug|Any CPU.Build.0 = Debug|Any CPU
		{1A1681D2-2D3D-4DD1-B47C-647E27CB1044}.Release|Any CPU.ActiveCfg = Release|Any CPU
		{1A1681D2-2D3D-4DD1-B47C-647E27CB1044}.Release|Any CPU.Build.0 = Release|Any CPU
		{AF9114B4-5C38-450B-B999-4BE32F812510}.Debug|Any CPU.ActiveCfg = Debug|Any CPU
		{AF9114B4-5C38-450B-B999-4BE32F812510}.Debug|Any CPU.Build.0 = Debug|Any CPU
		{AF9114B4-5C38-450B-B999-4BE32F812510}.Release|Any CPU.ActiveCfg = Release|Any CPU
		{AF9114B4-5C38-450B-B999-4BE32F812510}.Release|Any CPU.Build.0 = Release|Any CPU
	EndGlobalSection
	GlobalSection(SolutionProperties) = preSolution
		HideSolutionNode = FALSE
	EndGlobalSection
EndGlobal
